
Microsoft Visual Studio Solution File, Format Version 12.00
# Visual Studio Version 17
VisualStudioVersion = 17.10.35013.160
MinimumVisualStudioVersion = 10.0.40219.1
Project("{FAE04EC0-301F-11D3-BF4B-00C04F79EFBC}") = "Mainwindow", "Mainwindow\Mainwindow.csproj", "{C07D0EF1-74BB-401E-AFB4-F9CC1BDEFC90}"
EndProject
Global
	GlobalSection(SolutionConfigurationPlatforms) = preSolution
		Debug|Any CPU = Debug|Any CPU
		Release|Any CPU = Release|Any CPU
	EndGlobalSection
	GlobalSection(ProjectConfigurationPlatforms) = postSolution
		{C07D0EF1-74BB-401E-AFB4-F9CC1BDEFC90}.Debug|Any CPU.ActiveCfg = Debug|Any CPU
		{C07D0EF1-74BB-401E-AFB4-F9CC1BDEFC90}.Debug|Any CPU.Build.0 = Debug|Any CPU
		{C07D0EF1-74BB-401E-AFB4-F9CC1BDEFC90}.Release|Any CPU.ActiveCfg = Release|Any CPU
		{C07D0EF1-74BB-401E-AFB4-F9CC1BDEFC90}.Release|Any CPU.Build.0 = Release|Any CPU
	EndGlobalSection
	GlobalSection(SolutionProperties) = preSolution
		HideSolutionNode = FALSE
	EndGlobalSection
	GlobalSection(ExtensibilityGlobals) = postSolution
		SolutionGuid = {0C45799D-2D5F-4609-987F-4F300813E2BF}
	EndGlobalSection
EndGlobal
